// !$*UTF8*$!
{
	archiveVersion = 1;
	classes = {
	};
	objectVersion = 56;
	objects = {

/* Begin PBXBuildFile section */
		0C0AF0E12B0B9A1600B6DC12 /* ScrumTimer.swift in Sources */ = {isa = PBXBuildFile; fileRef = 0C0AF0E02B0B9A1600B6DC12 /* ScrumTimer.swift */; };
		0C0AF0F32B0BA48800B6DC12 /* MeetingHeaderView.swift in Sources */ = {isa = PBXBuildFile; fileRef = 0C0AF0F22B0BA48800B6DC12 /* MeetingHeaderView.swift */; };
		0C0AF0F72B0BA84B00B6DC12 /* MeetingFooterView.swift in Sources */ = {isa = PBXBuildFile; fileRef = 0C0AF0F62B0BA84B00B6DC12 /* MeetingFooterView.swift */; };
		0C0AF0FE2B0BB1BC00B6DC12 /* ScrumProgressViewStyle.swift in Sources */ = {isa = PBXBuildFile; fileRef = 0C0AF0FD2B0BB1BC00B6DC12 /* ScrumProgressViewStyle.swift */; };
		0C0AF1012B0BB1CA00B6DC12 /* ding.wav in Resources */ = {isa = PBXBuildFile; fileRef = 0C0AF1002B0BB1CA00B6DC12 /* ding.wav */; };
		0C0AF1032B0BB1D800B6DC12 /* AVPlayer+Ding.swift in Sources */ = {isa = PBXBuildFile; fileRef = 0C0AF1022B0BB1D800B6DC12 /* AVPlayer+Ding.swift */; };
		0C0AF1052B0BB2D600B6DC12 /* NewScrumSheet.swift in Sources */ = {isa = PBXBuildFile; fileRef = 0C0AF1042B0BB2D600B6DC12 /* NewScrumSheet.swift */; };
		0C0AF1072B0BB51F00B6DC12 /* History.swift in Sources */ = {isa = PBXBuildFile; fileRef = 0C0AF1062B0BB51F00B6DC12 /* History.swift */; };
		0C5CB38A2B111AC400548A2F /* ScrumStore.swift in Sources */ = {isa = PBXBuildFile; fileRef = 0C5CB3892B111AC400548A2F /* ScrumStore.swift */; };
		0C5CB38C2B1121FA00548A2F /* ErrorWrapper.swift in Sources */ = {isa = PBXBuildFile; fileRef = 0C5CB38B2B1121FA00548A2F /* ErrorWrapper.swift */; };
		0C5CB38E2B11227700548A2F /* ErrorView.swift in Sources */ = {isa = PBXBuildFile; fileRef = 0C5CB38D2B11227700548A2F /* ErrorView.swift */; };
		0C5CB3902B11264300548A2F /* MeetingTimerView.swift in Sources */ = {isa = PBXBuildFile; fileRef = 0C5CB38F2B11264300548A2F /* MeetingTimerView.swift */; };
		0C5CB3922B11289D00548A2F /* SpeakerArc.swift in Sources */ = {isa = PBXBuildFile; fileRef = 0C5CB3912B11289D00548A2F /* SpeakerArc.swift */; };
		0C62ADC12A6488FE008FF107 /* DetailEditView.swift in Sources */ = {isa = PBXBuildFile; fileRef = 0C62ADC02A6488FE008FF107 /* DetailEditView.swift */; };
		0C9B40B92ADDA1AF00AABF64 /* ThemeView.swift in Sources */ = {isa = PBXBuildFile; fileRef = 0C9B40B82ADDA1AF00AABF64 /* ThemeView.swift */; };
		0C9B40BB2ADDA30600AABF64 /* ThemePicker.swift in Sources */ = {isa = PBXBuildFile; fileRef = 0C9B40BA2ADDA30600AABF64 /* ThemePicker.swift */; };
		0CD55B022A64009F0050CC81 /* ScrumsView.swift in Sources */ = {isa = PBXBuildFile; fileRef = 0CD55B012A64009F0050CC81 /* ScrumsView.swift */; };
		0CD55B042A640BB80050CC81 /* DetailView.swift in Sources */ = {isa = PBXBuildFile; fileRef = 0CD55B032A640BB80050CC81 /* DetailView.swift */; };
		0CD9F2F92A62BF3800FB70E3 /* ScrumdingerApp.swift in Sources */ = {isa = PBXBuildFile; fileRef = 0CD9F2F82A62BF3800FB70E3 /* ScrumdingerApp.swift */; };
		0CD9F2FB2A62BF3800FB70E3 /* MeetingView.swift in Sources */ = {isa = PBXBuildFile; fileRef = 0CD9F2FA2A62BF3800FB70E3 /* MeetingView.swift */; };
		0CD9F2FD2A62BF3A00FB70E3 /* Assets.xcassets in Resources */ = {isa = PBXBuildFile; fileRef = 0CD9F2FC2A62BF3A00FB70E3 /* Assets.xcassets */; };
		0CD9F3002A62BF3A00FB70E3 /* Preview Assets.xcassets in Resources */ = {isa = PBXBuildFile; fileRef = 0CD9F2FF2A62BF3A00FB70E3 /* Preview Assets.xcassets */; };
		0CD9F3082A62F04800FB70E3 /* Theme.swift in Sources */ = {isa = PBXBuildFile; fileRef = 0CD9F3072A62F04800FB70E3 /* Theme.swift */; };
		0CD9F30A2A62F10F00FB70E3 /* DailyScrum.swift in Sources */ = {isa = PBXBuildFile; fileRef = 0CD9F3092A62F10F00FB70E3 /* DailyScrum.swift */; };
		0CD9F30C2A62F20E00FB70E3 /* CardView.swift in Sources */ = {isa = PBXBuildFile; fileRef = 0CD9F30B2A62F20E00FB70E3 /* CardView.swift */; };
		0CD9F30E2A62F5C900FB70E3 /* TrailingIconLabelStyle.swift in Sources */ = {isa = PBXBuildFile; fileRef = 0CD9F30D2A62F5C900FB70E3 /* TrailingIconLabelStyle.swift */; };
/* End PBXBuildFile section */

/* Begin PBXFileReference section */
		0C0AF0E02B0B9A1600B6DC12 /* ScrumTimer.swift */ = {isa = PBXFileReference; lastKnownFileType = sourcecode.swift; path = ScrumTimer.swift; sourceTree = "<group>"; };
		0C0AF0F22B0BA48800B6DC12 /* MeetingHeaderView.swift */ = {isa = PBXFileReference; lastKnownFileType = sourcecode.swift; path = MeetingHeaderView.swift; sourceTree = "<group>"; };
		0C0AF0F62B0BA84B00B6DC12 /* MeetingFooterView.swift */ = {isa = PBXFileReference; lastKnownFileType = sourcecode.swift; path = MeetingFooterView.swift; sourceTree = "<group>"; };
		0C0AF0FD2B0BB1BC00B6DC12 /* ScrumProgressViewStyle.swift */ = {isa = PBXFileReference; fileEncoding = 4; lastKnownFileType = sourcecode.swift; path = ScrumProgressViewStyle.swift; sourceTree = "<group>"; };
		0C0AF1002B0BB1CA00B6DC12 /* ding.wav */ = {isa = PBXFileReference; lastKnownFileType = audio.wav; path = ding.wav; sourceTree = "<group>"; };
		0C0AF1022B0BB1D800B6DC12 /* AVPlayer+Ding.swift */ = {isa = PBXFileReference; fileEncoding = 4; lastKnownFileType = sourcecode.swift; path = "AVPlayer+Ding.swift"; sourceTree = "<group>"; };
		0C0AF1042B0BB2D600B6DC12 /* NewScrumSheet.swift */ = {isa = PBXFileReference; lastKnownFileType = sourcecode.swift; path = NewScrumSheet.swift; sourceTree = "<group>"; };
		0C0AF1062B0BB51F00B6DC12 /* History.swift */ = {isa = PBXFileReference; lastKnownFileType = sourcecode.swift; path = History.swift; sourceTree = "<group>"; };
		0C5CB3892B111AC400548A2F /* ScrumStore.swift */ = {isa = PBXFileReference; lastKnownFileType = sourcecode.swift; path = ScrumStore.swift; sourceTree = "<group>"; };
		0C5CB38B2B1121FA00548A2F /* ErrorWrapper.swift */ = {isa = PBXFileReference; lastKnownFileType = sourcecode.swift; path = ErrorWrapper.swift; sourceTree = "<group>"; };
		0C5CB38D2B11227700548A2F /* ErrorView.swift */ = {isa = PBXFileReference; lastKnownFileType = sourcecode.swift; path = ErrorView.swift; sourceTree = "<group>"; };
		0C5CB38F2B11264300548A2F /* MeetingTimerView.swift */ = {isa = PBXFileReference; lastKnownFileType = sourcecode.swift; path = MeetingTimerView.swift; sourceTree = "<group>"; };
		0C5CB3912B11289D00548A2F /* SpeakerArc.swift */ = {isa = PBXFileReference; lastKnownFileType = sourcecode.swift; path = SpeakerArc.swift; sourceTree = "<group>"; };
		0C62ADC02A6488FE008FF107 /* DetailEditView.swift */ = {isa = PBXFileReference; lastKnownFileType = sourcecode.swift; path = DetailEditView.swift; sourceTree = "<group>"; };
		0C9B40B82ADDA1AF00AABF64 /* ThemeView.swift */ = {isa = PBXFileReference; lastKnownFileType = sourcecode.swift; path = ThemeView.swift; sourceTree = "<group>"; };
		0C9B40BA2ADDA30600AABF64 /* ThemePicker.swift */ = {isa = PBXFileReference; lastKnownFileType = sourcecode.swift; path = ThemePicker.swift; sourceTree = "<group>"; };
		0CD55B012A64009F0050CC81 /* ScrumsView.swift */ = {isa = PBXFileReference; lastKnownFileType = sourcecode.swift; path = ScrumsView.swift; sourceTree = "<group>"; };
		0CD55B032A640BB80050CC81 /* DetailView.swift */ = {isa = PBXFileReference; lastKnownFileType = sourcecode.swift; path = DetailView.swift; sourceTree = "<group>"; };
		0CD9F2F52A62BF3800FB70E3 /* Scrumdinger.app */ = {isa = PBXFileReference; explicitFileType = wrapper.application; includeInIndex = 0; path = Scrumdinger.app; sourceTree = BUILT_PRODUCTS_DIR; };
		0CD9F2F82A62BF3800FB70E3 /* ScrumdingerApp.swift */ = {isa = PBXFileReference; lastKnownFileType = sourcecode.swift; path = ScrumdingerApp.swift; sourceTree = "<group>"; };
		0CD9F2FA2A62BF3800FB70E3 /* MeetingView.swift */ = {isa = PBXFileReference; lastKnownFileType = sourcecode.swift; path = MeetingView.swift; sourceTree = "<group>"; };
		0CD9F2FC2A62BF3A00FB70E3 /* Assets.xcassets */ = {isa = PBXFileReference; lastKnownFileType = folder.assetcatalog; path = Assets.xcassets; sourceTree = "<group>"; };
		0CD9F2FF2A62BF3A00FB70E3 /* Preview Assets.xcassets */ = {isa = PBXFileReference; lastKnownFileType = folder.assetcatalog; path = "Preview Assets.xcassets"; sourceTree = "<group>"; };
		0CD9F3072A62F04800FB70E3 /* Theme.swift */ = {isa = PBXFileReference; lastKnownFileType = sourcecode.swift; path = Theme.swift; sourceTree = "<group>"; };
		0CD9F3092A62F10F00FB70E3 /* DailyScrum.swift */ = {isa = PBXFileReference; lastKnownFileType = sourcecode.swift; path = DailyScrum.swift; sourceTree = "<group>"; };
		0CD9F30B2A62F20E00FB70E3 /* CardView.swift */ = {isa = PBXFileReference; lastKnownFileType = sourcecode.swift; path = CardView.swift; sourceTree = "<group>"; };
		0CD9F30D2A62F5C900FB70E3 /* TrailingIconLabelStyle.swift */ = {isa = PBXFileReference; lastKnownFileType = sourcecode.swift; path = TrailingIconLabelStyle.swift; sourceTree = "<group>"; };
/* End PBXFileReference section */

/* Begin PBXFrameworksBuildPhase section */
		0CD9F2F22A62BF3800FB70E3 /* Frameworks */ = {
			isa = PBXFrameworksBuildPhase;
			buildActionMask = 2147483647;
			files = (
			);
			runOnlyForDeploymentPostprocessing = 0;
		};
/* End PBXFrameworksBuildPhase section */

/* Begin PBXGroup section */
		0C0AF0F12B0BA44600B6DC12 /* Views */ = {
			isa = PBXGroup;
			children = (
				0C0AF0FD2B0BB1BC00B6DC12 /* ScrumProgressViewStyle.swift */,
				0CD9F30B2A62F20E00FB70E3 /* CardView.swift */,
				0CD9F30D2A62F5C900FB70E3 /* TrailingIconLabelStyle.swift */,
				0CD55B012A64009F0050CC81 /* ScrumsView.swift */,
				0CD55B032A640BB80050CC81 /* DetailView.swift */,
				0C62ADC02A6488FE008FF107 /* DetailEditView.swift */,
				0C9B40B82ADDA1AF00AABF64 /* ThemeView.swift */,
				0C9B40BA2ADDA30600AABF64 /* ThemePicker.swift */,
				0CD9F2FA2A62BF3800FB70E3 /* MeetingView.swift */,
				0C0AF0F22B0BA48800B6DC12 /* MeetingHeaderView.swift */,
				0C0AF0F62B0BA84B00B6DC12 /* MeetingFooterView.swift */,
				0C0AF1042B0BB2D600B6DC12 /* NewScrumSheet.swift */,
				0C5CB38D2B11227700548A2F /* ErrorView.swift */,
				0C5CB38F2B11264300548A2F /* MeetingTimerView.swift */,
				0C5CB3912B11289D00548A2F /* SpeakerArc.swift */,
			);
			path = Views;
			sourceTree = "<group>";
		};
		0C0AF0FF2B0BB1CA00B6DC12 /* Resources */ = {
			isa = PBXGroup;
			children = (
				0C0AF1002B0BB1CA00B6DC12 /* ding.wav */,
			);
			path = Resources;
			sourceTree = "<group>";
		};
		0CD9F2EC2A62BF3800FB70E3 = {
			isa = PBXGroup;
			children = (
				0CD9F2F72A62BF3800FB70E3 /* Scrumdinger */,
				0CD9F2F62A62BF3800FB70E3 /* Products */,
			);
			sourceTree = "<group>";
		};
		0CD9F2F62A62BF3800FB70E3 /* Products */ = {
			isa = PBXGroup;
			children = (
				0CD9F2F52A62BF3800FB70E3 /* Scrumdinger.app */,
			);
			name = Products;
			sourceTree = "<group>";
		};
		0CD9F2F72A62BF3800FB70E3 /* Scrumdinger */ = {
			isa = PBXGroup;
			children = (
				0C0AF0FF2B0BB1CA00B6DC12 /* Resources */,
				0C0AF0F12B0BA44600B6DC12 /* Views */,
				0CD9F2F82A62BF3800FB70E3 /* ScrumdingerApp.swift */,
				0CD9F3062A62F01900FB70E3 /* Models */,
				0CD9F2FC2A62BF3A00FB70E3 /* Assets.xcassets */,
				0CD9F2FE2A62BF3A00FB70E3 /* Preview Content */,
			);
			path = Scrumdinger;
			sourceTree = "<group>";
		};
		0CD9F2FE2A62BF3A00FB70E3 /* Preview Content */ = {
			isa = PBXGroup;
			children = (
				0CD9F2FF2A62BF3A00FB70E3 /* Preview Assets.xcassets */,
			);
			path = "Preview Content";
			sourceTree = "<group>";
		};
		0CD9F3062A62F01900FB70E3 /* Models */ = {
			isa = PBXGroup;
			children = (
				0C0AF1022B0BB1D800B6DC12 /* AVPlayer+Ding.swift */,
				0CD9F3072A62F04800FB70E3 /* Theme.swift */,
				0CD9F3092A62F10F00FB70E3 /* DailyScrum.swift */,
				0C0AF0E02B0B9A1600B6DC12 /* ScrumTimer.swift */,
				0C0AF1062B0BB51F00B6DC12 /* History.swift */,
				0C5CB3892B111AC400548A2F /* ScrumStore.swift */,
				0C5CB38B2B1121FA00548A2F /* ErrorWrapper.swift */,
			);
			path = Models;
			sourceTree = "<group>";
		};
/* End PBXGroup section */

/* Begin PBXNativeTarget section */
		0CD9F2F42A62BF3800FB70E3 /* Scrumdinger */ = {
			isa = PBXNativeTarget;
			buildConfigurationList = 0CD9F3032A62BF3A00FB70E3 /* Build configuration list for PBXNativeTarget "Scrumdinger" */;
			buildPhases = (
				0CD9F2F12A62BF3800FB70E3 /* Sources */,
				0CD9F2F22A62BF3800FB70E3 /* Frameworks */,
				0CD9F2F32A62BF3800FB70E3 /* Resources */,
			);
			buildRules = (
			);
			dependencies = (
			);
			name = Scrumdinger;
			productName = Scrumdinger;
			productReference = 0CD9F2F52A62BF3800FB70E3 /* Scrumdinger.app */;
			productType = "com.apple.product-type.application";
		};
/* End PBXNativeTarget section */

/* Begin PBXProject section */
		0CD9F2ED2A62BF3800FB70E3 /* Project object */ = {
			isa = PBXProject;
			attributes = {
				BuildIndependentTargetsInParallel = 1;
				LastSwiftUpdateCheck = 1420;
				LastUpgradeCheck = 1420;
				TargetAttributes = {
					0CD9F2F42A62BF3800FB70E3 = {
						CreatedOnToolsVersion = 14.2;
					};
				};
			};
			buildConfigurationList = 0CD9F2F02A62BF3800FB70E3 /* Build configuration list for PBXProject "Scrumdinger" */;
			compatibilityVersion = "Xcode 14.0";
			developmentRegion = en;
			hasScannedForEncodings = 0;
			knownRegions = (
				en,
				Base,
			);
			mainGroup = 0CD9F2EC2A62BF3800FB70E3;
			productRefGroup = 0CD9F2F62A62BF3800FB70E3 /* Products */;
			projectDirPath = "";
			projectRoot = "";
			targets = (
				0CD9F2F42A62BF3800FB70E3 /* Scrumdinger */,
			);
		};
/* End PBXProject section */

/* Begin PBXResourcesBuildPhase section */
		0CD9F2F32A62BF3800FB70E3 /* Resources */ = {
			isa = PBXResourcesBuildPhase;
			buildActionMask = 2147483647;
			files = (
				0C0AF1012B0BB1CA00B6DC12 /* ding.wav in Resources */,
				0CD9F3002A62BF3A00FB70E3 /* Preview Assets.xcassets in Resources */,
				0CD9F2FD2A62BF3A00FB70E3 /* Assets.xcassets in Resources */,
			);
			runOnlyForDeploymentPostprocessing = 0;
		};
/* End PBXResourcesBuildPhase section */

/* Begin PBXSourcesBuildPhase section */
		0CD9F2F12A62BF3800FB70E3 /* Sources */ = {
			isa = PBXSourcesBuildPhase;
			buildActionMask = 2147483647;
			files = (
				0C0AF1072B0BB51F00B6DC12 /* History.swift in Sources */,
				0C9B40BB2ADDA30600AABF64 /* ThemePicker.swift in Sources */,
				0CD9F30A2A62F10F00FB70E3 /* DailyScrum.swift in Sources */,
				0C0AF0F72B0BA84B00B6DC12 /* MeetingFooterView.swift in Sources */,
				0C5CB3922B11289D00548A2F /* SpeakerArc.swift in Sources */,
				0C5CB38E2B11227700548A2F /* ErrorView.swift in Sources */,
				0CD55B042A640BB80050CC81 /* DetailView.swift in Sources */,
				0C5CB3902B11264300548A2F /* MeetingTimerView.swift in Sources */,
				0C62ADC12A6488FE008FF107 /* DetailEditView.swift in Sources */,
				0C5CB38A2B111AC400548A2F /* ScrumStore.swift in Sources */,
				0CD9F30E2A62F5C900FB70E3 /* TrailingIconLabelStyle.swift in Sources */,
				0C5CB38C2B1121FA00548A2F /* ErrorWrapper.swift in Sources */,
				0CD9F3082A62F04800FB70E3 /* Theme.swift in Sources */,
				0C0AF0F32B0BA48800B6DC12 /* MeetingHeaderView.swift in Sources */,
				0C0AF0FE2B0BB1BC00B6DC12 /* ScrumProgressViewStyle.swift in Sources */,
				0C0AF0E12B0B9A1600B6DC12 /* ScrumTimer.swift in Sources */,
				0CD55B022A64009F0050CC81 /* ScrumsView.swift in Sources */,
				0CD9F2FB2A62BF3800FB70E3 /* MeetingView.swift in Sources */,
				0CD9F2F92A62BF3800FB70E3 /* ScrumdingerApp.swift in Sources */,
				0C0AF1052B0BB2D600B6DC12 /* NewScrumSheet.swift in Sources */,
				0C9B40B92ADDA1AF00AABF64 /* ThemeView.swift in Sources */,
				0CD9F30C2A62F20E00FB70E3 /* CardView.swift in Sources */,
				0C0AF1032B0BB1D800B6DC12 /* AVPlayer+Ding.swift in Sources */,
			);
			runOnlyForDeploymentPostprocessing = 0;
		};
/* End PBXSourcesBuildPhase section */

/* Begin XCBuildConfiguration section */
		0CD9F3012A62BF3A00FB70E3 /* Debug */ = {
			isa = XCBuildConfiguration;
			buildSettings = {
				ALWAYS_SEARCH_USER_PATHS = NO;
				CLANG_ANALYZER_NONNULL = YES;
				CLANG_ANALYZER_NUMBER_OBJECT_CONVERSION = YES_AGGRESSIVE;
				CLANG_CXX_LANGUAGE_STANDARD = "gnu++20";
				CLANG_ENABLE_MODULES = YES;
				CLANG_ENABLE_OBJC_ARC = YES;
				CLANG_ENABLE_OBJC_WEAK = YES;
				CLANG_WARN_BLOCK_CAPTURE_AUTORELEASING = YES;
				CLANG_WARN_BOOL_CONVERSION = YES;
				CLANG_WARN_COMMA = YES;
				CLANG_WARN_CONSTANT_CONVERSION = YES;
				CLANG_WARN_DEPRECATED_OBJC_IMPLEMENTATIONS = YES;
				CLANG_WARN_DIRECT_OBJC_ISA_USAGE = YES_ERROR;
				CLANG_WARN_DOCUMENTATION_COMMENTS = YES;
				CLANG_WARN_EMPTY_BODY = YES;
				CLANG_WARN_ENUM_CONVERSION = YES;
				CLANG_WARN_INFINITE_RECURSION = YES;
				CLANG_WARN_INT_CONVERSION = YES;
				CLANG_WARN_NON_LITERAL_NULL_CONVERSION = YES;
				CLANG_WARN_OBJC_IMPLICIT_RETAIN_SELF = YES;
				CLANG_WARN_OBJC_LITERAL_CONVERSION = YES;
				CLANG_WARN_OBJC_ROOT_CLASS = YES_ERROR;
				CLANG_WARN_QUOTED_INCLUDE_IN_FRAMEWORK_HEADER = YES;
				CLANG_WARN_RANGE_LOOP_ANALYSIS = YES;
				CLANG_WARN_STRICT_PROTOTYPES = YES;
				CLANG_WARN_SUSPICIOUS_MOVE = YES;
				CLANG_WARN_UNGUARDED_AVAILABILITY = YES_AGGRESSIVE;
				CLANG_WARN_UNREACHABLE_CODE = YES;
				CLANG_WARN__DUPLICATE_METHOD_MATCH = YES;
				COPY_PHASE_STRIP = NO;
				DEBUG_INFORMATION_FORMAT = dwarf;
				ENABLE_STRICT_OBJC_MSGSEND = YES;
				ENABLE_TESTABILITY = YES;
				GCC_C_LANGUAGE_STANDARD = gnu11;
				GCC_DYNAMIC_NO_PIC = NO;
				GCC_NO_COMMON_BLOCKS = YES;
				GCC_OPTIMIZATION_LEVEL = 0;
				GCC_PREPROCESSOR_DEFINITIONS = (
					"DEBUG=1",
					"$(inherited)",
				);
				GCC_WARN_64_TO_32_BIT_CONVERSION = YES;
				GCC_WARN_ABOUT_RETURN_TYPE = YES_ERROR;
				GCC_WARN_UNDECLARED_SELECTOR = YES;
				GCC_WARN_UNINITIALIZED_AUTOS = YES_AGGRESSIVE;
				GCC_WARN_UNUSED_FUNCTION = YES;
				GCC_WARN_UNUSED_VARIABLE = YES;
				IPHONEOS_DEPLOYMENT_TARGET = 16.2;
				MTL_ENABLE_DEBUG_INFO = INCLUDE_SOURCE;
				MTL_FAST_MATH = YES;
				ONLY_ACTIVE_ARCH = YES;
				SDKROOT = iphoneos;
				SWIFT_ACTIVE_COMPILATION_CONDITIONS = DEBUG;
				SWIFT_OPTIMIZATION_LEVEL = "-Onone";
			};
			name = Debug;
		};
		0CD9F3022A62BF3A00FB70E3 /* Release */ = {
			isa = XCBuildConfiguration;
			buildSettings = {
				ALWAYS_SEARCH_USER_PATHS = NO;
				CLANG_ANALYZER_NONNULL = YES;
				CLANG_ANALYZER_NUMBER_OBJECT_CONVERSION = YES_AGGRESSIVE;
				CLANG_CXX_LANGUAGE_STANDARD = "gnu++20";
				CLANG_ENABLE_MODULES = YES;
				CLANG_ENABLE_OBJC_ARC = YES;
				CLANG_ENABLE_OBJC_WEAK = YES;
				CLANG_WARN_BLOCK_CAPTURE_AUTORELEASING = YES;
				CLANG_WARN_BOOL_CONVERSION = YES;
				CLANG_WARN_COMMA = YES;
				CLANG_WARN_CONSTANT_CONVERSION = YES;
				CLANG_WARN_DEPRECATED_OBJC_IMPLEMENTATIONS = YES;
				CLANG_WARN_DIRECT_OBJC_ISA_USAGE = YES_ERROR;
				CLANG_WARN_DOCUMENTATION_COMMENTS = YES;
				CLANG_WARN_EMPTY_BODY = YES;
				CLANG_WARN_ENUM_CONVERSION = YES;
				CLANG_WARN_INFINITE_RECURSION = YES;
				CLANG_WARN_INT_CONVERSION = YES;
				CLANG_WARN_NON_LITERAL_NULL_CONVERSION = YES;
				CLANG_WARN_OBJC_IMPLICIT_RETAIN_SELF = YES;
				CLANG_WARN_OBJC_LITERAL_CONVERSION = YES;
				CLANG_WARN_OBJC_ROOT_CLASS = YES_ERROR;
				CLANG_WARN_QUOTED_INCLUDE_IN_FRAMEWORK_HEADER = YES;
				CLANG_WARN_RANGE_LOOP_ANALYSIS = YES;
				CLANG_WARN_STRICT_PROTOTYPES = YES;
				CLANG_WARN_SUSPICIOUS_MOVE = YES;
				CLANG_WARN_UNGUARDED_AVAILABILITY = YES_AGGRESSIVE;
				CLANG_WARN_UNREACHABLE_CODE = YES;
				CLANG_WARN__DUPLICATE_METHOD_MATCH = YES;
				COPY_PHASE_STRIP = NO;
				DEBUG_INFORMATION_FORMAT = "dwarf-with-dsym";
				ENABLE_NS_ASSERTIONS = NO;
				ENABLE_STRICT_OBJC_MSGSEND = YES;
				GCC_C_LANGUAGE_STANDARD = gnu11;
				GCC_NO_COMMON_BLOCKS = YES;
				GCC_WARN_64_TO_32_BIT_CONVERSION = YES;
				GCC_WARN_ABOUT_RETURN_TYPE = YES_ERROR;
				GCC_WARN_UNDECLARED_SELECTOR = YES;
				GCC_WARN_UNINITIALIZED_AUTOS = YES_AGGRESSIVE;
				GCC_WARN_UNUSED_FUNCTION = YES;
				GCC_WARN_UNUSED_VARIABLE = YES;
				IPHONEOS_DEPLOYMENT_TARGET = 16.2;
				MTL_ENABLE_DEBUG_INFO = NO;
				MTL_FAST_MATH = YES;
				SDKROOT = iphoneos;
				SWIFT_COMPILATION_MODE = wholemodule;
				SWIFT_OPTIMIZATION_LEVEL = "-O";
				VALIDATE_PRODUCT = YES;
			};
			name = Release;
		};
		0CD9F3042A62BF3A00FB70E3 /* Debug */ = {
			isa = XCBuildConfiguration;
			buildSettings = {
				ASSETCATALOG_COMPILER_APPICON_NAME = AppIcon;
				ASSETCATALOG_COMPILER_GLOBAL_ACCENT_COLOR_NAME = AccentColor;
				CODE_SIGN_STYLE = Automatic;
				CURRENT_PROJECT_VERSION = 1;
				DEVELOPMENT_ASSET_PATHS = "\"Scrumdinger/Preview Content\"";
				DEVELOPMENT_TEAM = XLPX3M2VSC;
				ENABLE_PREVIEWS = YES;
				GENERATE_INFOPLIST_FILE = YES;
				INFOPLIST_KEY_UIApplicationSceneManifest_Generation = YES;
				INFOPLIST_KEY_UIApplicationSupportsIndirectInputEvents = YES;
				INFOPLIST_KEY_UILaunchScreen_Generation = YES;
				INFOPLIST_KEY_UISupportedInterfaceOrientations_iPad = "UIInterfaceOrientationPortrait UIInterfaceOrientationPortraitUpsideDown UIInterfaceOrientationLandscapeLeft UIInterfaceOrientationLandscapeRight";
				INFOPLIST_KEY_UISupportedInterfaceOrientations_iPhone = "UIInterfaceOrientationPortrait UIInterfaceOrientationLandscapeLeft UIInterfaceOrientationLandscapeRight";
				LD_RUNPATH_SEARCH_PATHS = (
					"$(inherited)",
					"@executable_path/Frameworks",
				);
				MARKETING_VERSION = 1.0;
				PRODUCT_BUNDLE_IDENTIFIER = com.example.Scrumdinger;
				PRODUCT_NAME = "$(TARGET_NAME)";
				SWIFT_EMIT_LOC_STRINGS = YES;
				SWIFT_VERSION = 5.0;
				TARGETED_DEVICE_FAMILY = "1,2";
			};
			name = Debug;
		};
		0CD9F3052A62BF3A00FB70E3 /* Release */ = {
			isa = XCBuildConfiguration;
			buildSettings = {
				ASSETCATALOG_COMPILER_APPICON_NAME = AppIcon;
				ASSETCATALOG_COMPILER_GLOBAL_ACCENT_COLOR_NAME = AccentColor;
				CODE_SIGN_STYLE = Automatic;
				CURRENT_PROJECT_VERSION = 1;
				DEVELOPMENT_ASSET_PATHS = "\"Scrumdinger/Preview Content\"";
				DEVELOPMENT_TEAM = XLPX3M2VSC;
				ENABLE_PREVIEWS = YES;
				GENERATE_INFOPLIST_FILE = YES;
				INFOPLIST_KEY_UIApplicationSceneManifest_Generation = YES;
				INFOPLIST_KEY_UIApplicationSupportsIndirectInputEvents = YES;
				INFOPLIST_KEY_UILaunchScreen_Generation = YES;
				INFOPLIST_KEY_UISupportedInterfaceOrientations_iPad = "UIInterfaceOrientationPortrait UIInterfaceOrientationPortraitUpsideDown UIInterfaceOrientationLandscapeLeft UIInterfaceOrientationLandscapeRight";
				INFOPLIST_KEY_UISupportedInterfaceOrientations_iPhone = "UIInterfaceOrientationPortrait UIInterfaceOrientationLandscapeLeft UIInterfaceOrientationLandscapeRight";
				LD_RUNPATH_SEARCH_PATHS = (
					"$(inherited)",
					"@executable_path/Frameworks",
				);
				MARKETING_VERSION = 1.0;
				PRODUCT_BUNDLE_IDENTIFIER = com.example.Scrumdinger;
				PRODUCT_NAME = "$(TARGET_NAME)";
				SWIFT_EMIT_LOC_STRINGS = YES;
				SWIFT_VERSION = 5.0;
				TARGETED_DEVICE_FAMILY = "1,2";
			};
			name = Release;
		};
/* End XCBuildConfiguration section */

/* Begin XCConfigurationList section */
		0CD9F2F02A62BF3800FB70E3 /* Build configuration list for PBXProject "Scrumdinger" */ = {
			isa = XCConfigurationList;
			buildConfigurations = (
				0CD9F3012A62BF3A00FB70E3 /* Debug */,
				0CD9F3022A62BF3A00FB70E3 /* Release */,
			);
			defaultConfigurationIsVisible = 0;
			defaultConfigurationName = Release;
		};
		0CD9F3032A62BF3A00FB70E3 /* Build configuration list for PBXNativeTarget "Scrumdinger" */ = {
			isa = XCConfigurationList;
			buildConfigurations = (
				0CD9F3042A62BF3A00FB70E3 /* Debug */,
				0CD9F3052A62BF3A00FB70E3 /* Release */,
			);
			defaultConfigurationIsVisible = 0;
			defaultConfigurationName = Release;
		};
/* End XCConfigurationList section */
	};
	rootObject = 0CD9F2ED2A62BF3800FB70E3 /* Project object */;
}
